
Microsoft Visual Studio Solution File, Format Version 12.00
# Visual Studio Version 17
VisualStudioVersion = 17.0.31903.59
MinimumVisualStudioVersion = 10.0.40219.1
Project("{FAE04EC0-301F-11D3-BF4B-00C04F79EFBC}") = "HelloWorld", "HelloWorld\HelloWorld.csproj", "{9B3BC028-63E7-4B3A-B262-CFEB98AF30EF}"
EndProject
Global
	GlobalSection(SolutionConfigurationPlatforms) = preSolution
		Debug|Any CPU = Debug|Any CPU
		Release|Any CPU = Release|Any CPU
	EndGlobalSection
	GlobalSection(ProjectConfigurationPlatforms) = postSolution
		{9B3BC028-63E7-4B3A-B262-CFEB98AF30EF}.Debug|Any CPU.ActiveCfg = Debug|Any CPU
		{9B3BC028-63E7-4B3A-B262-CFEB98AF30EF}.Debug|Any CPU.Build.0 = Debug|Any CPU
		{9B3BC028-63E7-4B3A-B262-CFEB98AF30EF}.Release|Any CPU.ActiveCfg = Release|Any CPU
		{9B3BC028-63E7-4B3A-B262-CFEB98AF30EF}.Release|Any CPU.Build.0 = Release|Any CPU
	EndGlobalSection
	GlobalSection(SolutionProperties) = preSolution
		HideSolutionNode = FALSE
	EndGlobalSection
	GlobalSection(ExtensibilityGlobals) = postSolution
		SolutionGuid = {03509BAB-6736-494A-B866-36F65A0706BC}
	EndGlobalSection
EndGlobal
